{
  "pins" : [
    {
      "identity" : "nsfwdetector",
      "kind" : "remoteSourceControl",
      "location" : "https://github.com/lovoo/NSFWDetector.git",
      "state" : {
        "revision" : "5beac797d819810e60d26b9b6e18c6b7eaba8f05",
        "version" : "1.2.0"
      }
    }
  ],
  "version" : 2
}
